
Microsoft Visual Studio Solution File, Format Version 12.00
# Visual Studio Version 16
VisualStudioVersion = 16.0.30406.217
MinimumVisualStudioVersion = 10.0.40219.1
Project("{FAE04EC0-301F-11D3-BF4B-00C04F79EFBC}") = "Murat.WebApi", "Murat.WebApi.csproj", "{5AFB73AF-D5B2-4495-B22D-E5ACD748A729}"
EndProject
Project("{2150E333-8FDC-42A3-9474-1A3956D46DE8}") = "Web", "Web", "{F86F6C3F-1D8C-4C1C-ADB8-B010FDCAA968}"
EndProject
Project("{2150E333-8FDC-42A3-9474-1A3956D46DE8}") = "Data", "Data", "{35A18ADA-60F7-4E1D-BA1B-8202C112E416}"
EndProject
Project("{FAE04EC0-301F-11D3-BF4B-00C04F79EFBC}") = "Project.BusinessLogic", "Data\Project.BusinessLogic\Project.BusinessLogic.csproj", "{71DF5769-31AD-474B-892D-82E341A7BE05}"
EndProject
Project("{FAE04EC0-301F-11D3-BF4B-00C04F79EFBC}") = "Project.DataAccess", "Data\Project.DataAccess\Project.DataAccess.csproj", "{CC5262EE-D168-44F4-8D8B-1F85AE4958E3}"
EndProject
Project("{FAE04EC0-301F-11D3-BF4B-00C04F79EFBC}") = "Project.Models", "Data\Project.Models\Project.Models.csproj", "{F9603D0A-3994-45D6-B255-8103B9199325}"
EndProject
Project("{FAE04EC0-301F-11D3-BF4B-00C04F79EFBC}") = "Project.Repository", "Data\Project.Repository\Project.Repository.csproj", "{E8F4A3A6-2002-4415-835D-48A596A3DC75}"
EndProject
Project("{FAE04EC0-301F-11D3-BF4B-00C04F79EFBC}") = "Project.UnitOfWork", "Data\Project.UnitOfWork\Project.UnitOfWork.csproj", "{C21675D1-6B91-4052-AAE3-3E4BC24F84DC}"
EndProject
Global
	GlobalSection(SolutionConfigurationPlatforms) = preSolution
		Debug|Any CPU = Debug|Any CPU
		Debug|x64 = Debug|x64
		Release|Any CPU = Release|Any CPU
		Release|x64 = Release|x64
	EndGlobalSection
	GlobalSection(ProjectConfigurationPlatforms) = postSolution
		{5AFB73AF-D5B2-4495-B22D-E5ACD748A729}.Debug|Any CPU.ActiveCfg = Debug|Any CPU
		{5AFB73AF-D5B2-4495-B22D-E5ACD748A729}.Debug|Any CPU.Build.0 = Debug|Any CPU
		{5AFB73AF-D5B2-4495-B22D-E5ACD748A729}.Debug|x64.ActiveCfg = Debug|x64
		{5AFB73AF-D5B2-4495-B22D-E5ACD748A729}.Debug|x64.Build.0 = Debug|x64
		{5AFB73AF-D5B2-4495-B22D-E5ACD748A729}.Release|Any CPU.ActiveCfg = Release|Any CPU
		{5AFB73AF-D5B2-4495-B22D-E5ACD748A729}.Release|Any CPU.Build.0 = Release|Any CPU
		{5AFB73AF-D5B2-4495-B22D-E5ACD748A729}.Release|x64.ActiveCfg = Release|x64
		{5AFB73AF-D5B2-4495-B22D-E5ACD748A729}.Release|x64.Build.0 = Release|x64
		{71DF5769-31AD-474B-892D-82E341A7BE05}.Debug|Any CPU.ActiveCfg = Debug|Any CPU
		{71DF5769-31AD-474B-892D-82E341A7BE05}.Debug|Any CPU.Build.0 = Debug|Any CPU
		{71DF5769-31AD-474B-892D-82E341A7BE05}.Debug|x64.ActiveCfg = Debug|x64
		{71DF5769-31AD-474B-892D-82E341A7BE05}.Debug|x64.Build.0 = Debug|x64
		{71DF5769-31AD-474B-892D-82E341A7BE05}.Release|Any CPU.ActiveCfg = Release|Any CPU
		{71DF5769-31AD-474B-892D-82E341A7BE05}.Release|Any CPU.Build.0 = Release|Any CPU
		{71DF5769-31AD-474B-892D-82E341A7BE05}.Release|x64.ActiveCfg = Release|x64
		{71DF5769-31AD-474B-892D-82E341A7BE05}.Release|x64.Build.0 = Release|x64
		{CC5262EE-D168-44F4-8D8B-1F85AE4958E3}.Debug|Any CPU.ActiveCfg = Debug|Any CPU
		{CC5262EE-D168-44F4-8D8B-1F85AE4958E3}.Debug|Any CPU.Build.0 = Debug|Any CPU
		{CC5262EE-D168-44F4-8D8B-1F85AE4958E3}.Debug|x64.ActiveCfg = Debug|x64
		{CC5262EE-D168-44F4-8D8B-1F85AE4958E3}.Debug|x64.Build.0 = Debug|x64
		{CC5262EE-D168-44F4-8D8B-1F85AE4958E3}.Release|Any CPU.ActiveCfg = Release|Any CPU
		{CC5262EE-D168-44F4-8D8B-1F85AE4958E3}.Release|Any CPU.Build.0 = Release|Any CPU
		{CC5262EE-D168-44F4-8D8B-1F85AE4958E3}.Release|x64.ActiveCfg = Release|x64
		{CC5262EE-D168-44F4-8D8B-1F85AE4958E3}.Release|x64.Build.0 = Release|x64
		{F9603D0A-3994-45D6-B255-8103B9199325}.Debug|Any CPU.ActiveCfg = Debug|Any CPU
		{F9603D0A-3994-45D6-B255-8103B9199325}.Debug|Any CPU.Build.0 = Debug|Any CPU
		{F9603D0A-3994-45D6-B255-8103B9199325}.Debug|x64.ActiveCfg = Debug|x64
		{F9603D0A-3994-45D6-B255-8103B9199325}.Debug|x64.Build.0 = Debug|x64
		{F9603D0A-3994-45D6-B255-8103B9199325}.Release|Any CPU.ActiveCfg = Release|Any CPU
		{F9603D0A-3994-45D6-B255-8103B9199325}.Release|Any CPU.Build.0 = Release|Any CPU
		{F9603D0A-3994-45D6-B255-8103B9199325}.Release|x64.ActiveCfg = Release|x64
		{F9603D0A-3994-45D6-B255-8103B9199325}.Release|x64.Build.0 = Release|x64
		{E8F4A3A6-2002-4415-835D-48A596A3DC75}.Debug|Any CPU.ActiveCfg = Debug|Any CPU
		{E8F4A3A6-2002-4415-835D-48A596A3DC75}.Debug|Any CPU.Build.0 = Debug|Any CPU
		{E8F4A3A6-2002-4415-835D-48A596A3DC75}.Debug|x64.ActiveCfg = Debug|x64
		{E8F4A3A6-2002-4415-835D-48A596A3DC75}.Debug|x64.Build.0 = Debug|x64
		{E8F4A3A6-2002-4415-835D-48A596A3DC75}.Release|Any CPU.ActiveCfg = Release|Any CPU
		{E8F4A3A6-2002-4415-835D-48A596A3DC75}.Release|Any CPU.Build.0 = Release|Any CPU
		{E8F4A3A6-2002-4415-835D-48A596A3DC75}.Release|x64.ActiveCfg = Release|x64
		{E8F4A3A6-2002-4415-835D-48A596A3DC75}.Release|x64.Build.0 = Release|x64
		{C21675D1-6B91-4052-AAE3-3E4BC24F84DC}.Debug|Any CPU.ActiveCfg = Debug|Any CPU
		{C21675D1-6B91-4052-AAE3-3E4BC24F84DC}.Debug|Any CPU.Build.0 = Debug|Any CPU
		{C21675D1-6B91-4052-AAE3-3E4BC24F84DC}.Debug|x64.ActiveCfg = Debug|x64
		{C21675D1-6B91-4052-AAE3-3E4BC24F84DC}.Debug|x64.Build.0 = Debug|x64
		{C21675D1-6B91-4052-AAE3-3E4BC24F84DC}.Release|Any CPU.ActiveCfg = Release|Any CPU
		{C21675D1-6B91-4052-AAE3-3E4BC24F84DC}.Release|Any CPU.Build.0 = Release|Any CPU
		{C21675D1-6B91-4052-AAE3-3E4BC24F84DC}.Release|x64.ActiveCfg = Release|x64
		{C21675D1-6B91-4052-AAE3-3E4BC24F84DC}.Release|x64.Build.0 = Release|x64
	EndGlobalSection
	GlobalSection(SolutionProperties) = preSolution
		HideSolutionNode = FALSE
	EndGlobalSection
	GlobalSection(NestedProjects) = preSolution
		{5AFB73AF-D5B2-4495-B22D-E5ACD748A729} = {F86F6C3F-1D8C-4C1C-ADB8-B010FDCAA968}
		{71DF5769-31AD-474B-892D-82E341A7BE05} = {35A18ADA-60F7-4E1D-BA1B-8202C112E416}
		{CC5262EE-D168-44F4-8D8B-1F85AE4958E3} = {35A18ADA-60F7-4E1D-BA1B-8202C112E416}
		{F9603D0A-3994-45D6-B255-8103B9199325} = {35A18ADA-60F7-4E1D-BA1B-8202C112E416}
		{E8F4A3A6-2002-4415-835D-48A596A3DC75} = {35A18ADA-60F7-4E1D-BA1B-8202C112E416}
		{C21675D1-6B91-4052-AAE3-3E4BC24F84DC} = {35A18ADA-60F7-4E1D-BA1B-8202C112E416}
	EndGlobalSection
	GlobalSection(ExtensibilityGlobals) = postSolution
		SolutionGuid = {86074871-6837-4DD9-8401-8A0F01C86152}
	EndGlobalSection
EndGlobal
